
Microsoft Visual Studio Solution File, Format Version 12.00
# Visual Studio 15
VisualStudioVersion = 15.0.26730.16
MinimumVisualStudioVersion = 10.0.40219.1
Project("{FAE04EC0-301F-11D3-BF4B-00C04F79EFBC}") = "TextBestanden.Wpf", "TextBestanden.Wpf\TextBestanden.Wpf.csproj", "{7E7842F4-07C9-48D1-842D-162417E16DB2}"
EndProject
Project("{FAE04EC0-301F-11D3-BF4B-00C04F79EFBC}") = "TextFiles", "TextFiles\TextFiles.csproj", "{2FDC2550-6AC2-4547-819E-4164CA31F3D0}"
EndProject
Global
	GlobalSection(SolutionConfigurationPlatforms) = preSolution
		Debug|Any CPU = Debug|Any CPU
		Release|Any CPU = Release|Any CPU
	EndGlobalSection
	GlobalSection(ProjectConfigurationPlatforms) = postSolution
		{7E7842F4-07C9-48D1-842D-162417E16DB2}.Debug|Any CPU.ActiveCfg = Debug|Any CPU
		{7E7842F4-07C9-48D1-842D-162417E16DB2}.Debug|Any CPU.Build.0 = Debug|Any CPU
		{7E7842F4-07C9-48D1-842D-162417E16DB2}.Release|Any CPU.ActiveCfg = Release|Any CPU
		{7E7842F4-07C9-48D1-842D-162417E16DB2}.Release|Any CPU.Build.0 = Release|Any CPU
		{2FDC2550-6AC2-4547-819E-4164CA31F3D0}.Debug|Any CPU.ActiveCfg = Debug|Any CPU
		{2FDC2550-6AC2-4547-819E-4164CA31F3D0}.Debug|Any CPU.Build.0 = Debug|Any CPU
		{2FDC2550-6AC2-4547-819E-4164CA31F3D0}.Release|Any CPU.ActiveCfg = Release|Any CPU
		{2FDC2550-6AC2-4547-819E-4164CA31F3D0}.Release|Any CPU.Build.0 = Release|Any CPU
	EndGlobalSection
	GlobalSection(SolutionProperties) = preSolution
		HideSolutionNode = FALSE
	EndGlobalSection
	GlobalSection(ExtensibilityGlobals) = postSolution
		SolutionGuid = {3EE01ECF-ED80-40CA-A842-273F399765D5}
	EndGlobalSection
EndGlobal
